
Microsoft Visual Studio Solution File, Format Version 12.00
# Visual Studio Version 17
VisualStudioVersion = 17.1.32319.34
MinimumVisualStudioVersion = 10.0.40219.1
Project("{9A19103F-16F7-4668-BE54-9A1E7A4F7556}") = "MigracaoSiteCurso", "MigracaoSiteCurso\MigracaoSiteCurso.csproj", "{7D31AB9E-5053-43CC-9A49-178AFB59C648}"
EndProject
Global
	GlobalSection(SolutionConfigurationPlatforms) = preSolution
		Debug|Any CPU = Debug|Any CPU
		Release|Any CPU = Release|Any CPU
	EndGlobalSection
	GlobalSection(ProjectConfigurationPlatforms) = postSolution
		{7D31AB9E-5053-43CC-9A49-178AFB59C648}.Debug|Any CPU.ActiveCfg = Debug|Any CPU
		{7D31AB9E-5053-43CC-9A49-178AFB59C648}.Debug|Any CPU.Build.0 = Debug|Any CPU
		{7D31AB9E-5053-43CC-9A49-178AFB59C648}.Release|Any CPU.ActiveCfg = Release|Any CPU
		{7D31AB9E-5053-43CC-9A49-178AFB59C648}.Release|Any CPU.Build.0 = Release|Any CPU
	EndGlobalSection
	GlobalSection(SolutionProperties) = preSolution
		HideSolutionNode = FALSE
	EndGlobalSection
	GlobalSection(ExtensibilityGlobals) = postSolution
		SolutionGuid = {846B4194-D894-4601-AB34-AD150FF59D3D}
	EndGlobalSection
EndGlobal
